// !$*UTF8*$!
{
	archiveVersion = 1;
	classes = {
	};
	objectVersion = 46;
	objects = {

/* Begin PBXBuildFile section */
		8D1DE8821EB100C600BB9DF0 /* AppDelegate.swift in Sources */ = {isa = PBXBuildFile; fileRef = 8D1DE8811EB100C600BB9DF0 /* AppDelegate.swift */; };
		8D1DE8841EB100C600BB9DF0 /* ViewController.swift in Sources */ = {isa = PBXBuildFile; fileRef = 8D1DE8831EB100C600BB9DF0 /* ViewController.swift */; };
		8D1DE8871EB100C600BB9DF0 /* Main.storyboard in Resources */ = {isa = PBXBuildFile; fileRef = 8D1DE8851EB100C600BB9DF0 /* Main.storyboard */; };
		8D1DE8891EB100C600BB9DF0 /* Assets.xcassets in Resources */ = {isa = PBXBuildFile; fileRef = 8D1DE8881EB100C600BB9DF0 /* Assets.xcassets */; };
		8D1DE88C1EB100C600BB9DF0 /* LaunchScreen.storyboard in Resources */ = {isa = PBXBuildFile; fileRef = 8D1DE88A1EB100C600BB9DF0 /* LaunchScreen.storyboard */; };
		8D1DE8941EB22B5D00BB9DF0 /* SettingsViewController.swift in Sources */ = {isa = PBXBuildFile; fileRef = 8D1DE8931EB22B5D00BB9DF0 /* SettingsViewController.swift */; };
		8D8C8A0F1F5CE34B0098D9F5 /* GloriaHallelujah.ttf in Resources */ = {isa = PBXBuildFile; fileRef = 8D8C8A0E1F5CE34B0098D9F5 /* GloriaHallelujah.ttf */; };
/* End PBXBuildFile section */

/* Begin PBXFileReference section */
		8D1DE87E1EB100C600BB9DF0 /* PhotoB&W.app */ = {isa = PBXFileReference; explicitFileType = wrapper.application; includeInIndex = 0; path = "PhotoB&W.app"; sourceTree = BUILT_PRODUCTS_DIR; };
		8D1DE8811EB100C600BB9DF0 /* AppDelegate.swift */ = {isa = PBXFileReference; lastKnownFileType = sourcecode.swift; path = AppDelegate.swift; sourceTree = "<group>"; };
		8D1DE8831EB100C600BB9DF0 /* ViewController.swift */ = {isa = PBXFileReference; lastKnownFileType = sourcecode.swift; path = ViewController.swift; sourceTree = "<group>"; };
		8D1DE8861EB100C600BB9DF0 /* Base */ = {isa = PBXFileReference; lastKnownFileType = file.storyboard; name = Base; path = Base.lproj/Main.storyboard; sourceTree = "<group>"; };
		8D1DE8881EB100C600BB9DF0 /* Assets.xcassets */ = {isa = PBXFileReference; lastKnownFileType = folder.assetcatalog; path = Assets.xcassets; sourceTree = "<group>"; };
		8D1DE88B1EB100C600BB9DF0 /* Base */ = {isa = PBXFileReference; lastKnownFileType = file.storyboard; name = Base; path = Base.lproj/LaunchScreen.storyboard; sourceTree = "<group>"; };
		8D1DE88D1EB100C600BB9DF0 /* Info.plist */ = {isa = PBXFileReference; lastKnownFileType = text.plist.xml; path = Info.plist; sourceTree = "<group>"; };
		8D1DE8931EB22B5D00BB9DF0 /* SettingsViewController.swift */ = {isa = PBXFileReference; fileEncoding = 4; lastKnownFileType = sourcecode.swift; path = SettingsViewController.swift; sourceTree = "<group>"; };
		8D8C8A0E1F5CE34B0098D9F5 /* GloriaHallelujah.ttf */ = {isa = PBXFileReference; lastKnownFileType = file; path = GloriaHallelujah.ttf; sourceTree = "<group>"; };
/* End PBXFileReference section */

/* Begin PBXFrameworksBuildPhase section */
		8D1DE87B1EB100C600BB9DF0 /* Frameworks */ = {
			isa = PBXFrameworksBuildPhase;
			buildActionMask = 2147483647;
			files = (
			);
			runOnlyForDeploymentPostprocessing = 0;
		};
/* End PBXFrameworksBuildPhase section */

/* Begin PBXGroup section */
		8D1DE8751EB100C600BB9DF0 = {
			isa = PBXGroup;
			children = (
				8D1DE8801EB100C600BB9DF0 /* PhotoB&W */,
				8D1DE87F1EB100C600BB9DF0 /* Products */,
			);
			sourceTree = "<group>";
		};
		8D1DE87F1EB100C600BB9DF0 /* Products */ = {
			isa = PBXGroup;
			children = (
				8D1DE87E1EB100C600BB9DF0 /* PhotoB&W.app */,
			);
			name = Products;
			sourceTree = "<group>";
		};
		8D1DE8801EB100C600BB9DF0 /* PhotoB&W */ = {
			isa = PBXGroup;
			children = (
				8D1DE8811EB100C600BB9DF0 /* AppDelegate.swift */,
				8D8C8A111F5CE63D0098D9F5 /* Font */,
				8D8C8A101F5CE62A0098D9F5 /* VCs */,
				8D8C8A121F5CE6490098D9F5 /* UI */,
				8D1DE88D1EB100C600BB9DF0 /* Info.plist */,
			);
			path = "PhotoB&W";
			sourceTree = "<group>";
		};
		8D8C8A101F5CE62A0098D9F5 /* VCs */ = {
			isa = PBXGroup;
			children = (
				8D1DE8831EB100C600BB9DF0 /* ViewController.swift */,
				8D1DE8931EB22B5D00BB9DF0 /* SettingsViewController.swift */,
			);
			name = VCs;
			sourceTree = "<group>";
		};
		8D8C8A111F5CE63D0098D9F5 /* Font */ = {
			isa = PBXGroup;
			children = (
				8D8C8A0E1F5CE34B0098D9F5 /* GloriaHallelujah.ttf */,
			);
			name = Font;
			sourceTree = "<group>";
		};
		8D8C8A121F5CE6490098D9F5 /* UI */ = {
			isa = PBXGroup;
			children = (
				8D1DE8851EB100C600BB9DF0 /* Main.storyboard */,
				8D1DE8881EB100C600BB9DF0 /* Assets.xcassets */,
				8D1DE88A1EB100C600BB9DF0 /* LaunchScreen.storyboard */,
			);
			name = UI;
			sourceTree = "<group>";
		};
/* End PBXGroup section */

/* Begin PBXNativeTarget section */
		8D1DE87D1EB100C600BB9DF0 /* PhotoB&W */ = {
			isa = PBXNativeTarget;
			buildConfigurationList = 8D1DE8901EB100C600BB9DF0 /* Build configuration list for PBXNativeTarget "PhotoB&W" */;
			buildPhases = (
				8D1DE87A1EB100C600BB9DF0 /* Sources */,
				8D1DE87B1EB100C600BB9DF0 /* Frameworks */,
				8D1DE87C1EB100C600BB9DF0 /* Resources */,
			);
			buildRules = (
			);
			dependencies = (
			);
			name = "PhotoB&W";
			productName = "PhotoB&W";
			productReference = 8D1DE87E1EB100C600BB9DF0 /* PhotoB&W.app */;
			productType = "com.apple.product-type.application";
		};
/* End PBXNativeTarget section */

/* Begin PBXProject section */
		8D1DE8761EB100C600BB9DF0 /* Project object */ = {
			isa = PBXProject;
			attributes = {
				LastSwiftUpdateCheck = 0830;
				LastUpgradeCheck = 0830;
				ORGANIZATIONNAME = "Israel Manzo";
				TargetAttributes = {
					8D1DE87D1EB100C600BB9DF0 = {
						CreatedOnToolsVersion = 8.3.2;
						DevelopmentTeam = G9TBJCK73T;
						ProvisioningStyle = Automatic;
					};
				};
			};
			buildConfigurationList = 8D1DE8791EB100C600BB9DF0 /* Build configuration list for PBXProject "PhotoB&W" */;
			compatibilityVersion = "Xcode 3.2";
			developmentRegion = English;
			hasScannedForEncodings = 0;
			knownRegions = (
				en,
				Base,
			);
			mainGroup = 8D1DE8751EB100C600BB9DF0;
			productRefGroup = 8D1DE87F1EB100C600BB9DF0 /* Products */;
			projectDirPath = "";
			projectRoot = "";
			targets = (
				8D1DE87D1EB100C600BB9DF0 /* PhotoB&W */,
			);
		};
/* End PBXProject section */

/* Begin PBXResourcesBuildPhase section */
		8D1DE87C1EB100C600BB9DF0 /* Resources */ = {
			isa = PBXResourcesBuildPhase;
			buildActionMask = 2147483647;
			files = (
				8D8C8A0F1F5CE34B0098D9F5 /* GloriaHallelujah.ttf in Resources */,
				8D1DE88C1EB100C600BB9DF0 /* LaunchScreen.storyboard in Resources */,
				8D1DE8891EB100C600BB9DF0 /* Assets.xcassets in Resources */,
				8D1DE8871EB100C600BB9DF0 /* Main.storyboard in Resources */,
			);
			runOnlyForDeploymentPostprocessing = 0;
		};
/* End PBXResourcesBuildPhase section */

/* Begin PBXSourcesBuildPhase section */
		8D1DE87A1EB100C600BB9DF0 /* Sources */ = {
			isa = PBXSourcesBuildPhase;
			buildActionMask = 2147483647;
			files = (
				8D1DE8841EB100C600BB9DF0 /* ViewController.swift in Sources */,
				8D1DE8821EB100C600BB9DF0 /* AppDelegate.swift in Sources */,
				8D1DE8941EB22B5D00BB9DF0 /* SettingsViewController.swift in Sources */,
			);
			runOnlyForDeploymentPostprocessing = 0;
		};
/* End PBXSourcesBuildPhase section */

/* Begin PBXVariantGroup section */
		8D1DE8851EB100C600BB9DF0 /* Main.storyboard */ = {
			isa = PBXVariantGroup;
			children = (
				8D1DE8861EB100C600BB9DF0 /* Base */,
			);
			name = Main.storyboard;
			sourceTree = "<group>";
		};
		8D1DE88A1EB100C600BB9DF0 /* LaunchScreen.storyboard */ = {
			isa = PBXVariantGroup;
			children = (
				8D1DE88B1EB100C600BB9DF0 /* Base */,
			);
			name = LaunchScreen.storyboard;
			sourceTree = "<group>";
		};
/* End PBXVariantGroup section */

/* Begin XCBuildConfiguration section */
		8D1DE88E1EB100C600BB9DF0 /* Debug */ = {
			isa = XCBuildConfiguration;
			buildSettings = {
				ALWAYS_SEARCH_USER_PATHS = NO;
				CLANG_ANALYZER_NONNULL = YES;
				CLANG_ANALYZER_NUMBER_OBJECT_CONVERSION = YES_AGGRESSIVE;
				CLANG_CXX_LANGUAGE_STANDARD = "gnu++0x";
				CLANG_CXX_LIBRARY = "libc++";
				CLANG_ENABLE_MODULES = YES;
				CLANG_ENABLE_OBJC_ARC = YES;
				CLANG_WARN_BOOL_CONVERSION = YES;
				CLANG_WARN_CONSTANT_CONVERSION = YES;
				CLANG_WARN_DIRECT_OBJC_ISA_USAGE = YES_ERROR;
				CLANG_WARN_DOCUMENTATION_COMMENTS = YES;
				CLANG_WARN_EMPTY_BODY = YES;
				CLANG_WARN_ENUM_CONVERSION = YES;
				CLANG_WARN_INFINITE_RECURSION = YES;
				CLANG_WARN_INT_CONVERSION = YES;
				CLANG_WARN_OBJC_ROOT_CLASS = YES_ERROR;
				CLANG_WARN_SUSPICIOUS_MOVE = YES;
				CLANG_WARN_UNREACHABLE_CODE = YES;
				CLANG_WARN__DUPLICATE_METHOD_MATCH = YES;
				"CODE_SIGN_IDENTITY[sdk=iphoneos*]" = "iPhone Developer";
				COPY_PHASE_STRIP = NO;
				DEBUG_INFORMATION_FORMAT = dwarf;
				ENABLE_STRICT_OBJC_MSGSEND = YES;
				ENABLE_TESTABILITY = YES;
				GCC_C_LANGUAGE_STANDARD = gnu99;
				GCC_DYNAMIC_NO_PIC = NO;
				GCC_NO_COMMON_BLOCKS = YES;
				GCC_OPTIMIZATION_LEVEL = 0;
				GCC_PREPROCESSOR_DEFINITIONS = (
					"DEBUG=1",
					"$(inherited)",
				);
				GCC_WARN_64_TO_32_BIT_CONVERSION = YES;
				GCC_WARN_ABOUT_RETURN_TYPE = YES_ERROR;
				GCC_WARN_UNDECLARED_SELECTOR = YES;
				GCC_WARN_UNINITIALIZED_AUTOS = YES_AGGRESSIVE;
				GCC_WARN_UNUSED_FUNCTION = YES;
				GCC_WARN_UNUSED_VARIABLE = YES;
				IPHONEOS_DEPLOYMENT_TARGET = 10.3;
				MTL_ENABLE_DEBUG_INFO = YES;
				ONLY_ACTIVE_ARCH = YES;
				SDKROOT = iphoneos;
				SWIFT_ACTIVE_COMPILATION_CONDITIONS = DEBUG;
				SWIFT_OPTIMIZATION_LEVEL = "-Onone";
			};
			name = Debug;
		};
		8D1DE88F1EB100C600BB9DF0 /* Release */ = {
			isa = XCBuildConfiguration;
			buildSettings = {
				ALWAYS_SEARCH_USER_PATHS = NO;
				CLANG_ANALYZER_NONNULL = YES;
				CLANG_ANALYZER_NUMBER_OBJECT_CONVERSION = YES_AGGRESSIVE;
				CLANG_CXX_LANGUAGE_STANDARD = "gnu++0x";
				CLANG_CXX_LIBRARY = "libc++";
				CLANG_ENABLE_MODULES = YES;
				CLANG_ENABLE_OBJC_ARC = YES;
				CLANG_WARN_BOOL_CONVERSION = YES;
				CLANG_WARN_CONSTANT_CONVERSION = YES;
				CLANG_WARN_DIRECT_OBJC_ISA_USAGE = YES_ERROR;
				CLANG_WARN_DOCUMENTATION_COMMENTS = YES;
				CLANG_WARN_EMPTY_BODY = YES;
				CLANG_WARN_ENUM_CONVERSION = YES;
				CLANG_WARN_INFINITE_RECURSION = YES;
				CLANG_WARN_INT_CONVERSION = YES;
				CLANG_WARN_OBJC_ROOT_CLASS = YES_ERROR;
				CLANG_WARN_SUSPICIOUS_MOVE = YES;
				CLANG_WARN_UNREACHABLE_CODE = YES;
				CLANG_WARN__DUPLICATE_METHOD_MATCH = YES;
				"CODE_SIGN_IDENTITY[sdk=iphoneos*]" = "iPhone Developer";
				COPY_PHASE_STRIP = NO;
				DEBUG_INFORMATION_FORMAT = "dwarf-with-dsym";
				ENABLE_NS_ASSERTIONS = NO;
				ENABLE_STRICT_OBJC_MSGSEND = YES;
				GCC_C_LANGUAGE_STANDARD = gnu99;
				GCC_NO_COMMON_BLOCKS = YES;
				GCC_WARN_64_TO_32_BIT_CONVERSION = YES;
				GCC_WARN_ABOUT_RETURN_TYPE = YES_ERROR;
				GCC_WARN_UNDECLARED_SELECTOR = YES;
				GCC_WARN_UNINITIALIZED_AUTOS = YES_AGGRESSIVE;
				GCC_WARN_UNUSED_FUNCTION = YES;
				GCC_WARN_UNUSED_VARIABLE = YES;
				IPHONEOS_DEPLOYMENT_TARGET = 10.3;
				MTL_ENABLE_DEBUG_INFO = NO;
				SDKROOT = iphoneos;
				SWIFT_OPTIMIZATION_LEVEL = "-Owholemodule";
				VALIDATE_PRODUCT = YES;
			};
			name = Release;
		};
		8D1DE8911EB100C600BB9DF0 /* Debug */ = {
			isa = XCBuildConfiguration;
			buildSettings = {
				ASSETCATALOG_COMPILER_APPICON_NAME = AppIcon;
				DEVELOPMENT_TEAM = G9TBJCK73T;
				INFOPLIST_FILE = "PhotoB&W/Info.plist";
				LD_RUNPATH_SEARCH_PATHS = "$(inherited) @executable_path/Frameworks";
				PRODUCT_BUNDLE_IDENTIFIER = "com.example.inclass.PhotoB-W";
				PRODUCT_NAME = "$(TARGET_NAME)";
				SWIFT_VERSION = 3.0;
			};
			name = Debug;
		};
		8D1DE8921EB100C600BB9DF0 /* Release */ = {
			isa = XCBuildConfiguration;
			buildSettings = {
				ASSETCATALOG_COMPILER_APPICON_NAME = AppIcon;
				DEVELOPMENT_TEAM = G9TBJCK73T;
				INFOPLIST_FILE = "PhotoB&W/Info.plist";
				LD_RUNPATH_SEARCH_PATHS = "$(inherited) @executable_path/Frameworks";
				PRODUCT_BUNDLE_IDENTIFIER = "com.example.inclass.PhotoB-W";
				PRODUCT_NAME = "$(TARGET_NAME)";
				SWIFT_VERSION = 3.0;
			};
			name = Release;
		};
/* End XCBuildConfiguration section */

/* Begin XCConfigurationList section */
		8D1DE8791EB100C600BB9DF0 /* Build configuration list for PBXProject "PhotoB&W" */ = {
			isa = XCConfigurationList;
			buildConfigurations = (
				8D1DE88E1EB100C600BB9DF0 /* Debug */,
				8D1DE88F1EB100C600BB9DF0 /* Release */,
			);
			defaultConfigurationIsVisible = 0;
			defaultConfigurationName = Release;
		};
		8D1DE8901EB100C600BB9DF0 /* Build configuration list for PBXNativeTarget "PhotoB&W" */ = {
			isa = XCConfigurationList;
			buildConfigurations = (
				8D1DE8911EB100C600BB9DF0 /* Debug */,
				8D1DE8921EB100C600BB9DF0 /* Release */,
			);
			defaultConfigurationIsVisible = 0;
			defaultConfigurationName = Release;
		};
/* End XCConfigurationList section */
	};
	rootObject = 8D1DE8761EB100C600BB9DF0 /* Project object */;
}
